# THIS IS AN AUTOGENERATED FILE. DO NOT EDIT THIS FILE DIRECTLY.
# yarn lockfile v1


"@babel/runtime@^7.1.2", "@babel/runtime@^7.2.0":
  version "7.6.2"
  resolved "https://registry.yarnpkg.com/@babel/runtime/-/runtime-7.6.2.tgz#c3d6e41b304ef10dcf13777a33e7694ec4a9a6dd"
  integrity sha512-EXxN64agfUqqIGeEjI5dL5z0Sw0ZwWo1mLTi4mQowCZ42O59b7DRpZAnTC6OqdF28wMBMFKNb/4uFGrVaigSpg==
  dependencies:
    regenerator-runtime "^0.13.2"

"@babel/runtime@^7.8.7":
  version "7.9.2"
  resolved "https://registry.yarnpkg.com/@babel/runtime/-/runtime-7.9.2.tgz#d90df0583a3a252f09aaa619665367bae518db06"
  integrity sha512-NE2DtOdufG7R5vnfQUTehdTfNycfUANEtCa9PssN9O/xmTzP4E08UI797ixaei6hBEVL9BI/PsdJS5x7mWoB9Q==
  dependencies:
    regenerator-runtime "^0.13.4"

"@types/asap@^2.0.0":
  version "2.0.0"
  resolved "https://registry.yarnpkg.com/@types/asap/-/asap-2.0.0.tgz#d529e9608c83499a62ae08c871c5e62271aa2963"
  integrity sha512-upIS0Gt9Mc8eEpCbYMZ1K8rhNosfKUtimNcINce+zLwJF5UpM3Vv7yz3S5l/1IX+DxTa8lTkUjqynvjRXyJzsg==

"@types/hoist-non-react-statics@^3.3.1":
  version "3.3.1"
  resolved "https://registry.yarnpkg.com/@types/hoist-non-react-statics/-/hoist-non-react-statics-3.3.1.tgz#1124aafe5118cb591977aeb1ceaaed1070eb039f"
  integrity sha512-iMIqiko6ooLrTh1joXodJK5X9xeEALT1kM5G3ZLhD3hszxBdIEd5C75U834D9mLcINgD4OyZf5uQXjkuYydWvA==
  dependencies:
    "@types/react" "*"
    hoist-non-react-statics "^3.3.0"

"@types/invariant@^2.2.30":
  version "2.2.31"
  resolved "https://registry.yarnpkg.com/@types/invariant/-/invariant-2.2.31.tgz#4444c03004f215289dbca3856538434317dd28b2"
  integrity sha512-jMlgg9pIURvy9jgBHCjQp/CyBjYHUwj91etVcDdXkFl2CwTFiQlB+8tcsMeXpXf2PFE5X2pjk4Gm43hQSMHAdA==

"@types/prop-types@*":
  version "15.7.3"
  resolved "https://registry.yarnpkg.com/@types/prop-types/-/prop-types-15.7.3.tgz#2ab0d5da2e5815f94b0b9d4b95d1e5f243ab2ca7"
  integrity sha512-KfRL3PuHmqQLOG+2tGpRO26Ctg+Cq1E01D2DMriKEATHgWLfeNDmq9e29Q9WIky0dQ3NPkd1mzYH8Lm936Z9qw==

"@types/react@*":
  version "16.9.4"
  resolved "https://registry.yarnpkg.com/@types/react/-/react-16.9.4.tgz#de8cf5e5e2838659fb78fa93181078469eeb19fc"
  integrity sha512-ItGNmJvQ0IvWt8rbk5PLdpdQhvBVxAaXI9hDlx7UMd8Ie1iMIuwMNiKeTfmVN517CdplpyXvA22X4zm4jGGZnw==
  dependencies:
    "@types/prop-types" "*"
    csstype "^2.2.0"

"@types/shallowequal@^1.1.1":
  version "1.1.1"
  resolved "https://registry.yarnpkg.com/@types/shallowequal/-/shallowequal-1.1.1.tgz#aad262bb3f2b1257d94c71d545268d592575c9b1"
  integrity sha512-Lhni3aX80zbpdxRuWhnuYPm8j8UQaa571lHP/xI4W+7BAFhSIhRReXnqjEgT/XzPoXZTJkCqstFMJ8CZTK6IlQ==

asap@^2.0.6:
  version "2.0.6"
  resolved "https://registry.yarnpkg.com/asap/-/asap-2.0.6.tgz#e50347611d7e690943208bbdafebcbc2fb866d46"
  integrity sha1-5QNHYR1+aQlDIIu9r+vLwvuGbUY=

babel-runtime@^6.26.0:
  version "6.26.0"
  resolved "https://registry.yarnpkg.com/babel-runtime/-/babel-runtime-6.26.0.tgz#965c7058668e82b55d7bfe04ff2337bc8b5647fe"
  integrity sha1-llxwWGaOgrVde/4E/yM3vItWR/4=
  dependencies:
    core-js "^2.4.0"
    regenerator-runtime "^0.11.0"

batch-processor@^1.0.0:
  version "1.0.0"
  resolved "https://registry.yarnpkg.com/batch-processor/-/batch-processor-1.0.0.tgz#75c95c32b748e0850d10c2b168f6bdbe9891ace8"
  integrity sha1-dclcMrdI4IUNEMKxaPa9vpiRrOg=

clsx@^1.0.1:
  version "1.0.4"
  resolved "https://registry.yarnpkg.com/clsx/-/clsx-1.0.4.tgz#0c0171f6d5cb2fe83848463c15fcc26b4df8c2ec"
  integrity sha512-1mQ557MIZTrL/140j+JVdRM6e31/OA4vTYxXgqIIZlndyfjHpyawKZia1Im05Vp9BWmImkcNrNtFYQMyFcgJDg==

core-js@^2.4.0:
  version "2.6.9"
  resolved "https://registry.yarnpkg.com/core-js/-/core-js-2.6.9.tgz#6b4b214620c834152e179323727fc19741b084f2"
  integrity sha512-HOpZf6eXmnl7la+cUdMnLvUxKNqLUzJvgIziQ0DiF3JwSImNphIqdGqzj6hIKyX04MmV0poclQ7+wjWvxQyR2A==

csstype@^2.2.0:
  version "2.6.6"
  resolved "https://registry.yarnpkg.com/csstype/-/csstype-2.6.6.tgz#c34f8226a94bbb10c32cc0d714afdf942291fc41"
  integrity sha512-RpFbQGUE74iyPgvr46U9t1xoQBM8T4BL8SxrN66Le2xYAPSaDJJKeztV3awugusb3g3G9iL8StmkBBXhcbbXhg==

csstype@^2.6.7:
  version "2.6.10"
  resolved "https://registry.yarnpkg.com/csstype/-/csstype-2.6.10.tgz#e63af50e66d7c266edb6b32909cfd0aabe03928b"
  integrity sha512-D34BqZU4cIlMCY93rZHbrq9pjTAQJ3U8S8rfBqjwHxkGPThWFjzZDQpgMJY0QViLxth6ZKYiwFBo14RdN44U/w==

dnd-core@^7.7.0:
  version "7.7.0"
  resolved "https://registry.yarnpkg.com/dnd-core/-/dnd-core-7.7.0.tgz#3166aefc8c5b85ca4ade4ae836712a3108975fab"
  integrity sha512-+YqwflWEY1MEAEl2QiEiRaglYkCwIZryyQwximQGuTOm/ns7fS6Lg/i7OCkrtjM10D5FhArf/VUHIL4ZaRBK0g==
  dependencies:
    asap "^2.0.6"
    invariant "^2.2.4"
    redux "^4.0.1"

dnd-core@^9.5.1:
  version "9.5.1"
  resolved "https://registry.yarnpkg.com/dnd-core/-/dnd-core-9.5.1.tgz#e9ec02d33529b68fa528865704d40ac4b14f2baf"
  integrity sha512-/yEWFF2jg51yyB8uA2UbvBr9Qis0Oo/4p9cqHLEKZdxzHHVSPfq0a/ool8NG6dIS6Q4uN+oKGObY0rNWiopJDA==
  dependencies:
    "@types/asap" "^2.0.0"
    "@types/invariant" "^2.2.30"
    asap "^2.0.6"
    invariant "^2.2.4"
    redux "^4.0.4"

"dom-helpers@^2.4.0 || ^3.0.0":
  version "3.4.0"
  resolved "https://registry.yarnpkg.com/dom-helpers/-/dom-helpers-3.4.0.tgz#e9b369700f959f62ecde5a6babde4bccd9169af8"
  integrity sha512-LnuPJ+dwqKDIyotW1VzmOZ5TONUN7CwkCR5hrgawTUbkBGYdeoNLZo6nNfGkCrjtE1nXXaj7iMMpDa8/d9WoIA==
  dependencies:
    "@babel/runtime" "^7.1.2"

dom-helpers@^5.0.0:
  version "5.1.4"
  resolved "https://registry.yarnpkg.com/dom-helpers/-/dom-helpers-5.1.4.tgz#4609680ab5c79a45f2531441f1949b79d6587f4b"
  integrity sha512-TjMyeVUvNEnOnhzs6uAn9Ya47GmMo3qq7m+Lr/3ON0Rs5kHvb8I+SQYjLUSYn7qhEm0QjW0yrBkvz9yOrwwz1A==
  dependencies:
    "@babel/runtime" "^7.8.7"
    csstype "^2.6.7"

element-resize-detector@^1.1.10:
  version "1.1.15"
  resolved "https://registry.yarnpkg.com/element-resize-detector/-/element-resize-detector-1.1.15.tgz#48eba1a2eaa26969a4c998d972171128c971d8d2"
  integrity sha512-16/5avDegXlUxytGgaumhjyQoM6hpp5j3+L79sYq5hlXfTNRy5WMMuTVWkZU3egp/CokCmTmvf18P3KeB57Iog==
  dependencies:
    batch-processor "^1.0.0"

frontend-collective-react-dnd-scrollzone@^1.0.2:
  version "1.0.2"
  resolved "https://registry.yarnpkg.com/frontend-collective-react-dnd-scrollzone/-/frontend-collective-react-dnd-scrollzone-1.0.2.tgz#cf5ed6165335f7d26504a40126f8e972ee644698"
  integrity sha512-me/D9PZJq9j/sjEjs/OPmm6V6nbaHbhgeQiwrWu0t35lhwAOKWc+QBzzKKcZQeboYTkgE8UvCD9el+5ANp+g5Q==
  dependencies:
    hoist-non-react-statics "^3.1.0"
    lodash.throttle "^4.0.1"
    prop-types "^15.5.9"
    raf "^3.2.0"
    react "^16.3.0"
    react-display-name "^0.2.0"
    react-dom "^16.3.0"

get-node-dimensions@^1.2.1:
  version "1.2.1"
  resolved "https://registry.yarnpkg.com/get-node-dimensions/-/get-node-dimensions-1.2.1.tgz#fb7b4bb57060fb4247dd51c9d690dfbec56b0823"
  integrity sha512-2MSPMu7S1iOTL+BOa6K1S62hB2zUAYNF/lV0gSVlOaacd087lc6nR1H1r0e3B1CerTo+RceOmi1iJW+vp21xcQ==

hoist-non-react-statics@^3.1.0, hoist-non-react-statics@^3.3.0:
  version "3.3.0"
  resolved "https://registry.yarnpkg.com/hoist-non-react-statics/-/hoist-non-react-statics-3.3.0.tgz#b09178f0122184fb95acf525daaecb4d8f45958b"
  integrity sha512-0XsbTXxgiaCDYDIWFcwkmerZPSwywfUqYmwT4jzewKTQSWoE6FCMoUVOeBJWK3E/CrWbxRG3m5GzY4lnIwGRBA==
  dependencies:
    react-is "^16.7.0"

invariant@^2.1.0, invariant@^2.2.2, invariant@^2.2.4:
  version "2.2.4"
  resolved "https://registry.yarnpkg.com/invariant/-/invariant-2.2.4.tgz#610f3c92c9359ce1db616e538008d23ff35158e6"
  integrity sha512-phJfQVBuaJM5raOpJjSfkiD6BpbCE4Ns//LaXl6wGYtUBY83nWS6Rf9tXm2e8VaK60JEjYldbPif/A2B1C2gNA==
  dependencies:
    loose-envify "^1.0.0"

"js-tokens@^3.0.0 || ^4.0.0":
  version "4.0.0"
  resolved "https://registry.yarnpkg.com/js-tokens/-/js-tokens-4.0.0.tgz#19203fb59991df98e3a287050d4647cdeaf32499"
  integrity sha512-RdJUflcE3cUzKiMqQgsCu06FPu9UdIJO0beYbPhHN4k6apgJtifcoCtT9bcxOpYBtpD2kCM6Sbzg4CausW/PKQ==

linear-layout-vector@0.0.1:
  version "0.0.1"
  resolved "https://registry.yarnpkg.com/linear-layout-vector/-/linear-layout-vector-0.0.1.tgz#398114d7303b6ecc7fd6b273af7b8401d8ba9c70"
  integrity sha1-OYEU1zA7bsx/1rJzr3uEAdi6nHA=

lodash.isequal@^4.5.0:
  version "4.5.0"
  resolved "https://registry.yarnpkg.com/lodash.isequal/-/lodash.isequal-4.5.0.tgz#415c4478f2bcc30120c22ce10ed3226f7d3e18e0"
  integrity sha1-QVxEePK8wwEgwizhDtMib30+GOA=

lodash.throttle@^4.0.1:
  version "4.1.1"
  resolved "https://registry.yarnpkg.com/lodash.throttle/-/lodash.throttle-4.1.1.tgz#c23e91b710242ac70c37f1e1cda9274cc39bf2f4"
  integrity sha1-wj6RtxAkKscMN/HhzaknTMOb8vQ=

loose-envify@^1.0.0, loose-envify@^1.1.0, loose-envify@^1.3.0, loose-envify@^1.4.0:
  version "1.4.0"
  resolved "https://registry.yarnpkg.com/loose-envify/-/loose-envify-1.4.0.tgz#71ee51fa7be4caec1a63839f7e682d8132d30caf"
  integrity sha512-lyuxPGr/Wfhrlem2CL/UcnUc1zcqKAImBDzukY7Y5F/yQiNdko6+fRLevlw1HgMySw7f611UIY408EtxRSoK3Q==
  dependencies:
    js-tokens "^3.0.0 || ^4.0.0"

object-assign@^4.1.1:
  version "4.1.1"
  resolved "https://registry.yarnpkg.com/object-assign/-/object-assign-4.1.1.tgz#2109adc7965887cfc05cbbd442cac8bfbb360863"
  integrity sha1-IQmtx5ZYh8/AXLvUQsrIv7s2CGM=

performance-now@^2.1.0:
  version "2.1.0"
  resolved "https://registry.yarnpkg.com/performance-now/-/performance-now-2.1.0.tgz#6309f4e0e5fa913ec1c69307ae364b4b377c9e7b"
  integrity sha1-Ywn04OX6kT7BxpMHrjZLSzd8nns=

prop-types@^15.5.8, prop-types@^15.5.9, prop-types@^15.6.0, prop-types@^15.6.1, prop-types@^15.6.2:
  version "15.7.2"
  resolved "https://registry.yarnpkg.com/prop-types/-/prop-types-15.7.2.tgz#52c41e75b8c87e72b9d9360e0206b99dcbffa6c5"
  integrity sha512-8QQikdH7//R2vurIJSutZ1smHYTcLpRWEOlHnzcWHmBYrOGUysKwSsrC89BCiFj3CbrfJ/nXFdJepOVrY1GCHQ==
  dependencies:
    loose-envify "^1.4.0"
    object-assign "^4.1.1"
    react-is "^16.8.1"

raf@^3.2.0:
  version "3.4.1"
  resolved "https://registry.yarnpkg.com/raf/-/raf-3.4.1.tgz#0742e99a4a6552f445d73e3ee0328af0ff1ede39"
  integrity sha512-Sq4CW4QhwOHE8ucn6J34MqtZCeWFP2aQSmrlroYgqAV1PjStIhJXxYuTgUIfkEk7zTLjmIjLmU5q+fbD1NnOJA==
  dependencies:
    performance-now "^2.1.0"

react-container-dimensions@1.4.1:
  version "1.4.1"
  resolved "https://registry.yarnpkg.com/react-container-dimensions/-/react-container-dimensions-1.4.1.tgz#73a8b497f09c6b55a18a79b18a57a8327138f343"
  integrity sha512-f5WXYpsL0vAuT9hD6bSTqRYOJXFbU9JzjSZfscNT77PbdCUReLv2/aSvYBgkXyALtOBVdS/nwO5RVZgBxxWDnw==
  dependencies:
    element-resize-detector "^1.1.10"
    invariant "^2.2.2"
    prop-types "^15.5.8"

react-display-name@^0.2.0:
  version "0.2.4"
  resolved "https://registry.yarnpkg.com/react-display-name/-/react-display-name-0.2.4.tgz#e2a670b81d79a2204335510c01246f4c92ff12cf"
  integrity sha512-zvU6iouW+SWwHTyThwxGICjJYCMZFk/6r/+jmOdC7ntQoPlS/Pqb81MkxaMf2bHTSq9TN3K3zX2/ayMW/jCtyA==

react-dnd-html5-backend@^7.0.1:
  version "7.7.0"
  resolved "https://registry.yarnpkg.com/react-dnd-html5-backend/-/react-dnd-html5-backend-7.7.0.tgz#e2b8ea61a1bc34ba743b89cafcda6213b006c06a"
  integrity sha512-JgKmWOxqorFyfGPeWV+SAPhVGFe6+LrOR24jETE9rrYZU5hCppzwK9ujjS508kWibeDvbfEgi9j5qC2wB1/MoQ==
  dependencies:
    dnd-core "^7.7.0"

react-dnd-html5-backend@^9.3.4:
  version "9.5.1"
  resolved "https://registry.yarnpkg.com/react-dnd-html5-backend/-/react-dnd-html5-backend-9.5.1.tgz#e6a0aed3ece800c1abe004f9ed9991513e2e644c"
  integrity sha512-wUdzjREwLqHxFkA6E+XDVL5IFjRDbBI3SHVKil9n3qrGT5dm2tA2oi1aIALdfMKsu00c+OXA9lz/LuKZCE9KXg==
  dependencies:
    dnd-core "^9.5.1"

react-dnd@^7.3.0:
  version "7.7.0"
  resolved "https://registry.yarnpkg.com/react-dnd/-/react-dnd-7.7.0.tgz#9d983331ecf87ba33d058d861e6ca9adb8253a2e"
  integrity sha512-anpJDKMgdXE6kXvtBFmIAe1fuaexpVy7meUyNjiTfCnjQ1mRvnttGTVvcW9fMKijsUQYadiyvzd3BRxteFuVXg==
  dependencies:
    "@types/hoist-non-react-statics" "^3.3.1"
    dnd-core "^7.7.0"
    hoist-non-react-statics "^3.3.0"
    invariant "^2.1.0"
    shallowequal "^1.1.0"

react-dnd@^9.3.4:
  version "9.5.1"
  resolved "https://registry.yarnpkg.com/react-dnd/-/react-dnd-9.5.1.tgz#907e55c791d6c50cbed1a4021c14b989b86ac467"
  integrity sha512-j2MvziPNLsxXkb3kIJzLvvOv/TQ4sysp6U4CmxAXd4C884dXm/9UGdB7K1wkTW3ZxVpI1K7XhKbX0JgNlPfLcA==
  dependencies:
    "@types/hoist-non-react-statics" "^3.3.1"
    "@types/shallowequal" "^1.1.1"
    dnd-core "^9.5.1"
    hoist-non-react-statics "^3.3.0"
    shallowequal "^1.1.0"

react-dom@16.13.1:
  version "16.13.1"
  resolved "https://registry.yarnpkg.com/react-dom/-/react-dom-16.13.1.tgz#c1bd37331a0486c078ee54c4740720993b2e0e7f"
  integrity sha512-81PIMmVLnCNLO/fFOQxdQkvEq/+Hfpv24XNJfpyZhTRfO0QcmQIF/PgCa1zCOj2w1hrn12MFLyaJ/G0+Mxtfag==
  dependencies:
    loose-envify "^1.1.0"
    object-assign "^4.1.1"
    prop-types "^15.6.2"
    scheduler "^0.19.1"

react-dom@^16.3.0:
  version "16.10.1"
  resolved "https://registry.yarnpkg.com/react-dom/-/react-dom-16.10.1.tgz#479a6511ba34a429273c213cbc2a9ac4d296dac1"
  integrity sha512-SmM4ZW0uug0rn95U8uqr52I7UdNf6wdGLeXDmNLfg3y5q5H9eAbdjF5ubQc3bjDyRrvdAB2IKG7X0GzSpnn5Mg==
  dependencies:
    loose-envify "^1.1.0"
    object-assign "^4.1.1"
    prop-types "^15.6.2"
    scheduler "^0.16.1"

react-is@^16.7.0, react-is@^16.8.1:
  version "16.10.1"
  resolved "https://registry.yarnpkg.com/react-is/-/react-is-16.10.1.tgz#0612786bf19df406502d935494f0450b40b8294f"
  integrity sha512-BXUMf9sIOPXXZWqr7+c5SeOKJykyVr2u0UDzEf4LNGc6taGkQe1A9DFD07umCIXz45RLr9oAAwZbAJ0Pkknfaw==

react-lifecycles-compat@^3.0.4:
  version "3.0.4"
  resolved "https://registry.yarnpkg.com/react-lifecycles-compat/-/react-lifecycles-compat-3.0.4.tgz#4f1a273afdfc8f3488a8c516bfda78f872352362"
  integrity sha512-fBASbA6LnOU9dOU2eW7aQ8xmYBSXUIWr+UmF9b1efZBazGNO+rcXT/icdKnYm2pTwcRylVUYwW7H1PHfLekVzA==

react-measure@2.3.0:
  version "2.3.0"
  resolved "https://registry.yarnpkg.com/react-measure/-/react-measure-2.3.0.tgz#75835d39abec9ae13517f35a819c160997a7a44e"
  integrity sha512-dwAvmiOeblj5Dvpnk8Jm7Q8B4THF/f1l1HtKVi0XDecsG6LXwGvzV5R1H32kq3TW6RW64OAf5aoQxpIgLa4z8A==
  dependencies:
    "@babel/runtime" "^7.2.0"
    get-node-dimensions "^1.2.1"
    prop-types "^15.6.2"
    resize-observer-polyfill "^1.5.0"

react-sortable-tree@2.7.1:
  version "2.7.1"
  resolved "https://registry.yarnpkg.com/react-sortable-tree/-/react-sortable-tree-2.7.1.tgz#99bce93fe838ed90258c1796ccd7ac59b70f8fbd"
  integrity sha512-J78/6AXv9RN0XxoBAIDz8a7aNFdi/Mezcv/9lKNYTYzqAWxEyOTMeqZjpmvwLhM2HRpChTn0yYLHTdRSNHRACw==
  dependencies:
    frontend-collective-react-dnd-scrollzone "^1.0.2"
    lodash.isequal "^4.5.0"
    prop-types "^15.6.1"
    react-dnd "^9.3.4"
    react-dnd-html5-backend "^9.3.4"
    react-lifecycles-compat "^3.0.4"
    react-sortable-tree "^2.6.0"
    react-virtualized "^9.19.1"

react-sortable-tree@^2.6.0:
  version "2.6.2"
  resolved "https://registry.yarnpkg.com/react-sortable-tree/-/react-sortable-tree-2.6.2.tgz#e96e5ed26642fbd2b73c20e470ca2fc89b388e7c"
  integrity sha512-mYX6ByTs7fywPqTEWpEUMgtvLDVyVrkm1Tw/pOPteiLwwMnOqh1LxBwJPUJBmhU2E0P2Zvw3dhnBFL14Fe4EkA==
  dependencies:
    frontend-collective-react-dnd-scrollzone "^1.0.2"
    lodash.isequal "^4.5.0"
    prop-types "^15.6.1"
    react-dnd "^7.3.0"
    react-dnd-html5-backend "^7.0.1"
    react-lifecycles-compat "^3.0.4"
    react-sortable-tree "^2.6.0"
    react-virtualized "^9.19.1"

react-virtualized@9.21.2:
  version "9.21.2"
  resolved "https://registry.yarnpkg.com/react-virtualized/-/react-virtualized-9.21.2.tgz#02e6df65c1e020c8dbf574ec4ce971652afca84e"
  integrity sha512-oX7I7KYiUM7lVXQzmhtF4Xg/4UA5duSA+/ZcAvdWlTLFCoFYq1SbauJT5gZK9cZS/wdYR6TPGpX/dqzvTqQeBA==
  dependencies:
    babel-runtime "^6.26.0"
    clsx "^1.0.1"
    dom-helpers "^5.0.0"
    loose-envify "^1.3.0"
    prop-types "^15.6.0"
    react-lifecycles-compat "^3.0.4"

react-virtualized@^9.19.1:
  version "9.21.1"
  resolved "https://registry.yarnpkg.com/react-virtualized/-/react-virtualized-9.21.1.tgz#4dbbf8f0a1420e2de3abf28fbb77120815277b3a"
  integrity sha512-E53vFjRRMCyUTEKuDLuGH1ld/9TFzjf/fFW816PE4HFXWZorESbSTYtiZz1oAjra0MminaUU1EnvUxoGuEFFPA==
  dependencies:
    babel-runtime "^6.26.0"
    clsx "^1.0.1"
    dom-helpers "^2.4.0 || ^3.0.0"
    linear-layout-vector "0.0.1"
    loose-envify "^1.3.0"
    prop-types "^15.6.0"
    react-lifecycles-compat "^3.0.4"

react@16.13.1:
  version "16.13.1"
  resolved "https://registry.yarnpkg.com/react/-/react-16.13.1.tgz#2e818822f1a9743122c063d6410d85c1e3afe48e"
  integrity sha512-YMZQQq32xHLX0bz5Mnibv1/LHb3Sqzngu7xstSM+vrkE5Kzr9xE0yMByK5kMoTK30YVJE61WfbxIFFvfeDKT1w==
  dependencies:
    loose-envify "^1.1.0"
    object-assign "^4.1.1"
    prop-types "^15.6.2"

react@^16.3.0:
  version "16.10.1"
  resolved "https://registry.yarnpkg.com/react/-/react-16.10.1.tgz#967c1e71a2767dfa699e6ba702a00483e3b0573f"
  integrity sha512-2bisHwMhxQ3XQz4LiJJwG3360pY965pTl/MRrZYxIBKVj4fOHoDs5aZAkYXGxDRO1Li+SyjTAilQEbOmtQJHzA==
  dependencies:
    loose-envify "^1.1.0"
    object-assign "^4.1.1"
    prop-types "^15.6.2"

redux@^4.0.1:
  version "4.0.4"
  resolved "https://registry.yarnpkg.com/redux/-/redux-4.0.4.tgz#4ee1aeb164b63d6a1bcc57ae4aa0b6e6fa7a3796"
  integrity sha512-vKv4WdiJxOWKxK0yRoaK3Y4pxxB0ilzVx6dszU2W8wLxlb2yikRph4iV/ymtdJ6ZxpBLFbyrxklnT5yBbQSl3Q==
  dependencies:
    loose-envify "^1.4.0"
    symbol-observable "^1.2.0"

redux@^4.0.4:
  version "4.0.5"
  resolved "https://registry.yarnpkg.com/redux/-/redux-4.0.5.tgz#4db5de5816e17891de8a80c424232d06f051d93f"
  integrity sha512-VSz1uMAH24DM6MF72vcojpYPtrTUu3ByVWfPL1nPfVRb5mZVTve5GnNCUV53QM/BZ66xfWrm0CTWoM+Xlz8V1w==
  dependencies:
    loose-envify "^1.4.0"
    symbol-observable "^1.2.0"

regenerator-runtime@^0.11.0:
  version "0.11.1"
  resolved "https://registry.yarnpkg.com/regenerator-runtime/-/regenerator-runtime-0.11.1.tgz#be05ad7f9bf7d22e056f9726cee5017fbf19e2e9"
  integrity sha512-MguG95oij0fC3QV3URf4V2SDYGJhJnJGqvIIgdECeODCT98wSWDAJ94SSuVpYQUoTcGUIL6L4yNB7j1DFFHSBg==

regenerator-runtime@^0.13.2:
  version "0.13.3"
  resolved "https://registry.yarnpkg.com/regenerator-runtime/-/regenerator-runtime-0.13.3.tgz#7cf6a77d8f5c6f60eb73c5fc1955b2ceb01e6bf5"
  integrity sha512-naKIZz2GQ8JWh///G7L3X6LaQUAMp2lvb1rvwwsURe/VXwD6VMfr+/1NuNw3ag8v2kY1aQ/go5SNn79O9JU7yw==

regenerator-runtime@^0.13.4:
  version "0.13.5"
  resolved "https://registry.yarnpkg.com/regenerator-runtime/-/regenerator-runtime-0.13.5.tgz#d878a1d094b4306d10b9096484b33ebd55e26697"
  integrity sha512-ZS5w8CpKFinUzOwW3c83oPeVXoNsrLsaCoLtJvAClH135j/R77RuymhiSErhm2lKcwSCIpmvIWSbDkIfAqKQlA==

resize-observer-polyfill@^1.5.0:
  version "1.5.1"
  resolved "https://registry.yarnpkg.com/resize-observer-polyfill/-/resize-observer-polyfill-1.5.1.tgz#0e9020dd3d21024458d4ebd27e23e40269810464"
  integrity sha512-LwZrotdHOo12nQuZlHEmtuXdqGoOD0OhaxopaNFxWzInpEgaLWoVuAMbTzixuosCx2nEG58ngzW3vxdWoxIgdg==

scheduler@^0.16.1:
  version "0.16.1"
  resolved "https://registry.yarnpkg.com/scheduler/-/scheduler-0.16.1.tgz#a6fb6ddec12dc2119176e6eb54ecfe69a9eba8df"
  integrity sha512-MIuie7SgsqMYOdCXVFZa8SKoNorJZUWHW8dPgto7uEHn1lX3fg2Gu0TzgK8USj76uxV7vB5eRMnZs/cdEHg+cg==
  dependencies:
    loose-envify "^1.1.0"
    object-assign "^4.1.1"

scheduler@^0.19.1:
  version "0.19.1"
  resolved "https://registry.yarnpkg.com/scheduler/-/scheduler-0.19.1.tgz#4f3e2ed2c1a7d65681f4c854fa8c5a1ccb40f196"
  integrity sha512-n/zwRWRYSUj0/3g/otKDRPMh6qv2SYMWNq85IEa8iZyAv8od9zDYpGSnpBEjNgcMNq6Scbu5KfIPxNF72R/2EA==
  dependencies:
    loose-envify "^1.1.0"
    object-assign "^4.1.1"

shallowequal@^1.1.0:
  version "1.1.0"
  resolved "https://registry.yarnpkg.com/shallowequal/-/shallowequal-1.1.0.tgz#188d521de95b9087404fd4dcb68b13df0ae4e7f8"
  integrity sha512-y0m1JoUZSlPAjXVtPPW70aZWfIL/dSP7AFkRnniLCrK/8MDKog3TySTBmckD+RObVxH0v4Tox67+F14PdED2oQ==

symbol-observable@^1.2.0:
  version "1.2.0"
  resolved "https://registry.yarnpkg.com/symbol-observable/-/symbol-observable-1.2.0.tgz#c22688aed4eab3cdc2dfeacbb561660560a00804"
  integrity sha512-e900nM8RRtGhlV36KGEU9k65K3mPb1WV70OdjfxlG2EAuM1noi/E/BaW/uMhL7bPEssK8QV57vN3esixjUvcXQ==
